// !$*UTF8*$!
{
	archiveVersion = 1;
	classes = {
	};
	objectVersion = 46;
	objects = {

/* Begin PBXBuildFile section */
		A06AAE4F1A9DF99C001291F7 /* Restaurant.swift in Sources */ = {isa = PBXBuildFile; fileRef = A06AAE4E1A9DF99C001291F7 /* Restaurant.swift */; };
		A06AAE511A9E034D001291F7 /* DetailTableViewCell.swift in Sources */ = {isa = PBXBuildFile; fileRef = A06AAE501A9E034D001291F7 /* DetailTableViewCell.swift */; };
		A07B63CF1A767C8100A37D56 /* AppDelegate.swift in Sources */ = {isa = PBXBuildFile; fileRef = A07B63CE1A767C8100A37D56 /* AppDelegate.swift */; };
		A07B63D61A767C8100A37D56 /* Images.xcassets in Resources */ = {isa = PBXBuildFile; fileRef = A07B63D51A767C8100A37D56 /* Images.xcassets */; };
		A07B63D91A767C8100A37D56 /* LaunchScreen.xib in Resources */ = {isa = PBXBuildFile; fileRef = A07B63D71A767C8100A37D56 /* LaunchScreen.xib */; };
		A07B63E51A767C8100A37D56 /* FoodPinTests.swift in Sources */ = {isa = PBXBuildFile; fileRef = A07B63E41A767C8100A37D56 /* FoodPinTests.swift */; };
		A07B63EF1A767EC800A37D56 /* RestaurantTableViewController.swift in Sources */ = {isa = PBXBuildFile; fileRef = A07B63EE1A767EC800A37D56 /* RestaurantTableViewController.swift */; };
		A0A5302D1A77D28A00B836AF /* CustomTableViewCell.swift in Sources */ = {isa = PBXBuildFile; fileRef = A0A5302C1A77D28A00B836AF /* CustomTableViewCell.swift */; };
		A0BD68BF1A88F34500CB0016 /* Main.storyboard in Resources */ = {isa = PBXBuildFile; fileRef = A0BD68BD1A88F34500CB0016 /* Main.storyboard */; };
		A0E5073D1A85A6A400EF0A83 /* DetailViewController.swift in Sources */ = {isa = PBXBuildFile; fileRef = A0E5073C1A85A6A400EF0A83 /* DetailViewController.swift */; };
		A0FB6F731AB568EE000BE5F8 /* ReviewViewController.swift in Sources */ = {isa = PBXBuildFile; fileRef = A0FB6F721AB568EE000BE5F8 /* ReviewViewController.swift */; };
/* End PBXBuildFile section */

/* Begin PBXContainerItemProxy section */
		A07B63DF1A767C8100A37D56 /* PBXContainerItemProxy */ = {
			isa = PBXContainerItemProxy;
			containerPortal = A07B63C11A767C8100A37D56 /* Project object */;
			proxyType = 1;
			remoteGlobalIDString = A07B63C81A767C8100A37D56;
			remoteInfo = FoodPin;
		};
/* End PBXContainerItemProxy section */

/* Begin PBXFileReference section */
		A06AAE4E1A9DF99C001291F7 /* Restaurant.swift */ = {isa = PBXFileReference; fileEncoding = 4; lastKnownFileType = sourcecode.swift; name = Restaurant.swift; path = ../Restaurant.swift; sourceTree = "<group>"; };
		A06AAE501A9E034D001291F7 /* DetailTableViewCell.swift */ = {isa = PBXFileReference; fileEncoding = 4; lastKnownFileType = sourcecode.swift; path = DetailTableViewCell.swift; sourceTree = "<group>"; };
		A07B63C91A767C8100A37D56 /* FoodPin.app */ = {isa = PBXFileReference; explicitFileType = wrapper.application; includeInIndex = 0; path = FoodPin.app; sourceTree = BUILT_PRODUCTS_DIR; };
		A07B63CD1A767C8100A37D56 /* Info.plist */ = {isa = PBXFileReference; lastKnownFileType = text.plist.xml; path = Info.plist; sourceTree = "<group>"; };
		A07B63CE1A767C8100A37D56 /* AppDelegate.swift */ = {isa = PBXFileReference; lastKnownFileType = sourcecode.swift; path = AppDelegate.swift; sourceTree = "<group>"; };
		A07B63D51A767C8100A37D56 /* Images.xcassets */ = {isa = PBXFileReference; lastKnownFileType = folder.assetcatalog; path = Images.xcassets; sourceTree = "<group>"; };
		A07B63D81A767C8100A37D56 /* Base */ = {isa = PBXFileReference; lastKnownFileType = file.xib; name = Base; path = Base.lproj/LaunchScreen.xib; sourceTree = "<group>"; };
		A07B63DE1A767C8100A37D56 /* FoodPinTests.xctest */ = {isa = PBXFileReference; explicitFileType = wrapper.cfbundle; includeInIndex = 0; path = FoodPinTests.xctest; sourceTree = BUILT_PRODUCTS_DIR; };
		A07B63E31A767C8100A37D56 /* Info.plist */ = {isa = PBXFileReference; lastKnownFileType = text.plist.xml; path = Info.plist; sourceTree = "<group>"; };
		A07B63E41A767C8100A37D56 /* FoodPinTests.swift */ = {isa = PBXFileReference; lastKnownFileType = sourcecode.swift; path = FoodPinTests.swift; sourceTree = "<group>"; };
		A07B63EE1A767EC800A37D56 /* RestaurantTableViewController.swift */ = {isa = PBXFileReference; fileEncoding = 4; lastKnownFileType = sourcecode.swift; path = RestaurantTableViewController.swift; sourceTree = "<group>"; };
		A0A5302C1A77D28A00B836AF /* CustomTableViewCell.swift */ = {isa = PBXFileReference; fileEncoding = 4; lastKnownFileType = sourcecode.swift; name = CustomTableViewCell.swift; path = ../CustomTableViewCell.swift; sourceTree = "<group>"; };
		A0BD68BE1A88F34500CB0016 /* Base */ = {isa = PBXFileReference; lastKnownFileType = file.storyboard; name = Base; path = Base.lproj/Main.storyboard; sourceTree = "<group>"; };
		A0E5073C1A85A6A400EF0A83 /* DetailViewController.swift */ = {isa = PBXFileReference; fileEncoding = 4; lastKnownFileType = sourcecode.swift; path = DetailViewController.swift; sourceTree = "<group>"; };
		A0FB6F721AB568EE000BE5F8 /* ReviewViewController.swift */ = {isa = PBXFileReference; fileEncoding = 4; lastKnownFileType = sourcecode.swift; path = ReviewViewController.swift; sourceTree = "<group>"; };
/* End PBXFileReference section */

/* Begin PBXFrameworksBuildPhase section */
		A07B63C61A767C8100A37D56 /* Frameworks */ = {
			isa = PBXFrameworksBuildPhase;
			buildActionMask = 2147483647;
			files = (
			);
			runOnlyForDeploymentPostprocessing = 0;
		};
		A07B63DB1A767C8100A37D56 /* Frameworks */ = {
			isa = PBXFrameworksBuildPhase;
			buildActionMask = 2147483647;
			files = (
			);
			runOnlyForDeploymentPostprocessing = 0;
		};
/* End PBXFrameworksBuildPhase section */

/* Begin PBXGroup section */
		A07B63C01A767C8100A37D56 = {
			isa = PBXGroup;
			children = (
				A07B63CB1A767C8100A37D56 /* FoodPin */,
				A07B63E11A767C8100A37D56 /* FoodPinTests */,
				A07B63CA1A767C8100A37D56 /* Products */,
			);
			sourceTree = "<group>";
		};
		A07B63CA1A767C8100A37D56 /* Products */ = {
			isa = PBXGroup;
			children = (
				A07B63C91A767C8100A37D56 /* FoodPin.app */,
				A07B63DE1A767C8100A37D56 /* FoodPinTests.xctest */,
			);
			name = Products;
			sourceTree = "<group>";
		};
		A07B63CB1A767C8100A37D56 /* FoodPin */ = {
			isa = PBXGroup;
			children = (
				A06AAE4E1A9DF99C001291F7 /* Restaurant.swift */,
				A0BD68BD1A88F34500CB0016 /* Main.storyboard */,
				A0A5302C1A77D28A00B836AF /* CustomTableViewCell.swift */,
				A06AAE501A9E034D001291F7 /* DetailTableViewCell.swift */,
				A07B63CE1A767C8100A37D56 /* AppDelegate.swift */,
				A0E5073C1A85A6A400EF0A83 /* DetailViewController.swift */,
				A07B63EE1A767EC800A37D56 /* RestaurantTableViewController.swift */,
				A07B63D51A767C8100A37D56 /* Images.xcassets */,
				A07B63D71A767C8100A37D56 /* LaunchScreen.xib */,
				A0FB6F721AB568EE000BE5F8 /* ReviewViewController.swift */,
				A07B63CC1A767C8100A37D56 /* Supporting Files */,
			);
			path = FoodPin;
			sourceTree = "<group>";
		};
		A07B63CC1A767C8100A37D56 /* Supporting Files */ = {
			isa = PBXGroup;
			children = (
				A07B63CD1A767C8100A37D56 /* Info.plist */,
			);
			name = "Supporting Files";
			sourceTree = "<group>";
		};
		A07B63E11A767C8100A37D56 /* FoodPinTests */ = {
			isa = PBXGroup;
			children = (
				A07B63E41A767C8100A37D56 /* FoodPinTests.swift */,
				A07B63E21A767C8100A37D56 /* Supporting Files */,
			);
			path = FoodPinTests;
			sourceTree = "<group>";
		};
		A07B63E21A767C8100A37D56 /* Supporting Files */ = {
			isa = PBXGroup;
			children = (
				A07B63E31A767C8100A37D56 /* Info.plist */,
			);
			name = "Supporting Files";
			sourceTree = "<group>";
		};
/* End PBXGroup section */

/* Begin PBXNativeTarget section */
		A07B63C81A767C8100A37D56 /* FoodPin */ = {
			isa = PBXNativeTarget;
			buildConfigurationList = A07B63E81A767C8100A37D56 /* Build configuration list for PBXNativeTarget "FoodPin" */;
			buildPhases = (
				A07B63C51A767C8100A37D56 /* Sources */,
				A07B63C61A767C8100A37D56 /* Frameworks */,
				A07B63C71A767C8100A37D56 /* Resources */,
			);
			buildRules = (
			);
			dependencies = (
			);
			name = FoodPin;
			productName = FoodPin;
			productReference = A07B63C91A767C8100A37D56 /* FoodPin.app */;
			productType = "com.apple.product-type.application";
		};
		A07B63DD1A767C8100A37D56 /* FoodPinTests */ = {
			isa = PBXNativeTarget;
			buildConfigurationList = A07B63EB1A767C8100A37D56 /* Build configuration list for PBXNativeTarget "FoodPinTests" */;
			buildPhases = (
				A07B63DA1A767C8100A37D56 /* Sources */,
				A07B63DB1A767C8100A37D56 /* Frameworks */,
				A07B63DC1A767C8100A37D56 /* Resources */,
			);
			buildRules = (
			);
			dependencies = (
				A07B63E01A767C8100A37D56 /* PBXTargetDependency */,
			);
			name = FoodPinTests;
			productName = FoodPinTests;
			productReference = A07B63DE1A767C8100A37D56 /* FoodPinTests.xctest */;
			productType = "com.apple.product-type.bundle.unit-test";
		};
/* End PBXNativeTarget section */

/* Begin PBXProject section */
		A07B63C11A767C8100A37D56 /* Project object */ = {
			isa = PBXProject;
			attributes = {
				LastUpgradeCheck = 0610;
				ORGANIZATIONNAME = AppCoda;
				TargetAttributes = {
					A07B63C81A767C8100A37D56 = {
						CreatedOnToolsVersion = 6.1.1;
					};
					A07B63DD1A767C8100A37D56 = {
						CreatedOnToolsVersion = 6.1.1;
						TestTargetID = A07B63C81A767C8100A37D56;
					};
				};
			};
			buildConfigurationList = A07B63C41A767C8100A37D56 /* Build configuration list for PBXProject "FoodPin" */;
			compatibilityVersion = "Xcode 3.2";
			developmentRegion = English;
			hasScannedForEncodings = 0;
			knownRegions = (
				en,
				Base,
			);
			mainGroup = A07B63C01A767C8100A37D56;
			productRefGroup = A07B63CA1A767C8100A37D56 /* Products */;
			projectDirPath = "";
			projectRoot = "";
			targets = (
				A07B63C81A767C8100A37D56 /* FoodPin */,
				A07B63DD1A767C8100A37D56 /* FoodPinTests */,
			);
		};
/* End PBXProject section */

/* Begin PBXResourcesBuildPhase section */
		A07B63C71A767C8100A37D56 /* Resources */ = {
			isa = PBXResourcesBuildPhase;
			buildActionMask = 2147483647;
			files = (
				A0BD68BF1A88F34500CB0016 /* Main.storyboard in Resources */,
				A07B63D91A767C8100A37D56 /* LaunchScreen.xib in Resources */,
				A07B63D61A767C8100A37D56 /* Images.xcassets in Resources */,
			);
			runOnlyForDeploymentPostprocessing = 0;
		};
		A07B63DC1A767C8100A37D56 /* Resources */ = {
			isa = PBXResourcesBuildPhase;
			buildActionMask = 2147483647;
			files = (
			);
			runOnlyForDeploymentPostprocessing = 0;
		};
/* End PBXResourcesBuildPhase section */

/* Begin PBXSourcesBuildPhase section */
		A07B63C51A767C8100A37D56 /* Sources */ = {
			isa = PBXSourcesBuildPhase;
			buildActionMask = 2147483647;
			files = (
				A06AAE511A9E034D001291F7 /* DetailTableViewCell.swift in Sources */,
				A06AAE4F1A9DF99C001291F7 /* Restaurant.swift in Sources */,
				A0FB6F731AB568EE000BE5F8 /* ReviewViewController.swift in Sources */,
				A0A5302D1A77D28A00B836AF /* CustomTableViewCell.swift in Sources */,
				A07B63EF1A767EC800A37D56 /* RestaurantTableViewController.swift in Sources */,
				A07B63CF1A767C8100A37D56 /* AppDelegate.swift in Sources */,
				A0E5073D1A85A6A400EF0A83 /* DetailViewController.swift in Sources */,
			);
			runOnlyForDeploymentPostprocessing = 0;
		};
		A07B63DA1A767C8100A37D56 /* Sources */ = {
			isa = PBXSourcesBuildPhase;
			buildActionMask = 2147483647;
			files = (
				A07B63E51A767C8100A37D56 /* FoodPinTests.swift in Sources */,
			);
			runOnlyForDeploymentPostprocessing = 0;
		};
/* End PBXSourcesBuildPhase section */

/* Begin PBXTargetDependency section */
		A07B63E01A767C8100A37D56 /* PBXTargetDependency */ = {
			isa = PBXTargetDependency;
			target = A07B63C81A767C8100A37D56 /* FoodPin */;
			targetProxy = A07B63DF1A767C8100A37D56 /* PBXContainerItemProxy */;
		};
/* End PBXTargetDependency section */

/* Begin PBXVariantGroup section */
		A07B63D71A767C8100A37D56 /* LaunchScreen.xib */ = {
			isa = PBXVariantGroup;
			children = (
				A07B63D81A767C8100A37D56 /* Base */,
			);
			name = LaunchScreen.xib;
			sourceTree = "<group>";
		};
		A0BD68BD1A88F34500CB0016 /* Main.storyboard */ = {
			isa = PBXVariantGroup;
			children = (
				A0BD68BE1A88F34500CB0016 /* Base */,
			);
			name = Main.storyboard;
			sourceTree = "<group>";
		};
/* End PBXVariantGroup section */

/* Begin XCBuildConfiguration section */
		A07B63E61A767C8100A37D56 /* Debug */ = {
			isa = XCBuildConfiguration;
			buildSettings = {
				ALWAYS_SEARCH_USER_PATHS = NO;
				CLANG_CXX_LANGUAGE_STANDARD = "gnu++0x";
				CLANG_CXX_LIBRARY = "libc++";
				CLANG_ENABLE_MODULES = YES;
				CLANG_ENABLE_OBJC_ARC = YES;
				CLANG_WARN_BOOL_CONVERSION = YES;
				CLANG_WARN_CONSTANT_CONVERSION = YES;
				CLANG_WARN_DIRECT_OBJC_ISA_USAGE = YES_ERROR;
				CLANG_WARN_EMPTY_BODY = YES;
				CLANG_WARN_ENUM_CONVERSION = YES;
				CLANG_WARN_INT_CONVERSION = YES;
				CLANG_WARN_OBJC_ROOT_CLASS = YES_ERROR;
				CLANG_WARN_UNREACHABLE_CODE = YES;
				CLANG_WARN__DUPLICATE_METHOD_MATCH = YES;
				"CODE_SIGN_IDENTITY[sdk=iphoneos*]" = "iPhone Developer";
				COPY_PHASE_STRIP = NO;
				ENABLE_STRICT_OBJC_MSGSEND = YES;
				GCC_C_LANGUAGE_STANDARD = gnu99;
				GCC_DYNAMIC_NO_PIC = NO;
				GCC_OPTIMIZATION_LEVEL = 0;
				GCC_PREPROCESSOR_DEFINITIONS = (
					"DEBUG=1",
					"$(inherited)",
				);
				GCC_SYMBOLS_PRIVATE_EXTERN = NO;
				GCC_WARN_64_TO_32_BIT_CONVERSION = YES;
				GCC_WARN_ABOUT_RETURN_TYPE = YES_ERROR;
				GCC_WARN_UNDECLARED_SELECTOR = YES;
				GCC_WARN_UNINITIALIZED_AUTOS = YES_AGGRESSIVE;
				GCC_WARN_UNUSED_FUNCTION = YES;
				GCC_WARN_UNUSED_VARIABLE = YES;
				IPHONEOS_DEPLOYMENT_TARGET = 8.1;
				MTL_ENABLE_DEBUG_INFO = YES;
				ONLY_ACTIVE_ARCH = YES;
				SDKROOT = iphoneos;
				SWIFT_OPTIMIZATION_LEVEL = "-Onone";
			};
			name = Debug;
		};
		A07B63E71A767C8100A37D56 /* Release */ = {
			isa = XCBuildConfiguration;
			buildSettings = {
				ALWAYS_SEARCH_USER_PATHS = NO;
				CLANG_CXX_LANGUAGE_STANDARD = "gnu++0x";
				CLANG_CXX_LIBRARY = "libc++";
				CLANG_ENABLE_MODULES = YES;
				CLANG_ENABLE_OBJC_ARC = YES;
				CLANG_WARN_BOOL_CONVERSION = YES;
				CLANG_WARN_CONSTANT_CONVERSION = YES;
				CLANG_WARN_DIRECT_OBJC_ISA_USAGE = YES_ERROR;
				CLANG_WARN_EMPTY_BODY = YES;
				CLANG_WARN_ENUM_CONVERSION = YES;
				CLANG_WARN_INT_CONVERSION = YES;
				CLANG_WARN_OBJC_ROOT_CLASS = YES_ERROR;
				CLANG_WARN_UNREACHABLE_CODE = YES;
				CLANG_WARN__DUPLICATE_METHOD_MATCH = YES;
				"CODE_SIGN_IDENTITY[sdk=iphoneos*]" = "iPhone Developer";
				COPY_PHASE_STRIP = YES;
				ENABLE_NS_ASSERTIONS = NO;
				ENABLE_STRICT_OBJC_MSGSEND = YES;
				GCC_C_LANGUAGE_STANDARD = gnu99;
				GCC_WARN_64_TO_32_BIT_CONVERSION = YES;
				GCC_WARN_ABOUT_RETURN_TYPE = YES_ERROR;
				GCC_WARN_UNDECLARED_SELECTOR = YES;
				GCC_WARN_UNINITIALIZED_AUTOS = YES_AGGRESSIVE;
				GCC_WARN_UNUSED_FUNCTION = YES;
				GCC_WARN_UNUSED_VARIABLE = YES;
				IPHONEOS_DEPLOYMENT_TARGET = 8.1;
				MTL_ENABLE_DEBUG_INFO = NO;
				SDKROOT = iphoneos;
				VALIDATE_PRODUCT = YES;
			};
			name = Release;
		};
		A07B63E91A767C8100A37D56 /* Debug */ = {
			isa = XCBuildConfiguration;
			buildSettings = {
				ASSETCATALOG_COMPILER_APPICON_NAME = AppIcon;
				INFOPLIST_FILE = FoodPin/Info.plist;
				LD_RUNPATH_SEARCH_PATHS = "$(inherited) @executable_path/Frameworks";
				PRODUCT_NAME = "$(TARGET_NAME)";
			};
			name = Debug;
		};
		A07B63EA1A767C8100A37D56 /* Release */ = {
			isa = XCBuildConfiguration;
			buildSettings = {
				ASSETCATALOG_COMPILER_APPICON_NAME = AppIcon;
				INFOPLIST_FILE = FoodPin/Info.plist;
				LD_RUNPATH_SEARCH_PATHS = "$(inherited) @executable_path/Frameworks";
				PRODUCT_NAME = "$(TARGET_NAME)";
			};
			name = Release;
		};
		A07B63EC1A767C8100A37D56 /* Debug */ = {
			isa = XCBuildConfiguration;
			buildSettings = {
				BUNDLE_LOADER = "$(TEST_HOST)";
				FRAMEWORK_SEARCH_PATHS = (
					"$(SDKROOT)/Developer/Library/Frameworks",
					"$(inherited)",
				);
				GCC_PREPROCESSOR_DEFINITIONS = (
					"DEBUG=1",
					"$(inherited)",
				);
				INFOPLIST_FILE = FoodPinTests/Info.plist;
				LD_RUNPATH_SEARCH_PATHS = "$(inherited) @executable_path/Frameworks @loader_path/Frameworks";
				PRODUCT_NAME = "$(TARGET_NAME)";
				TEST_HOST = "$(BUILT_PRODUCTS_DIR)/FoodPin.app/FoodPin";
			};
			name = Debug;
		};
		A07B63ED1A767C8100A37D56 /* Release */ = {
			isa = XCBuildConfiguration;
			buildSettings = {
				BUNDLE_LOADER = "$(TEST_HOST)";
				FRAMEWORK_SEARCH_PATHS = (
					"$(SDKROOT)/Developer/Library/Frameworks",
					"$(inherited)",
				);
				INFOPLIST_FILE = FoodPinTests/Info.plist;
				LD_RUNPATH_SEARCH_PATHS = "$(inherited) @executable_path/Frameworks @loader_path/Frameworks";
				PRODUCT_NAME = "$(TARGET_NAME)";
				TEST_HOST = "$(BUILT_PRODUCTS_DIR)/FoodPin.app/FoodPin";
			};
			name = Release;
		};
/* End XCBuildConfiguration section */

/* Begin XCConfigurationList section */
		A07B63C41A767C8100A37D56 /* Build configuration list for PBXProject "FoodPin" */ = {
			isa = XCConfigurationList;
			buildConfigurations = (
				A07B63E61A767C8100A37D56 /* Debug */,
				A07B63E71A767C8100A37D56 /* Release */,
			);
			defaultConfigurationIsVisible = 0;
			defaultConfigurationName = Release;
		};
		A07B63E81A767C8100A37D56 /* Build configuration list for PBXNativeTarget "FoodPin" */ = {
			isa = XCConfigurationList;
			buildConfigurations = (
				A07B63E91A767C8100A37D56 /* Debug */,
				A07B63EA1A767C8100A37D56 /* Release */,
			);
			defaultConfigurationIsVisible = 0;
			defaultConfigurationName = Release;
		};
		A07B63EB1A767C8100A37D56 /* Build configuration list for PBXNativeTarget "FoodPinTests" */ = {
			isa = XCConfigurationList;
			buildConfigurations = (
				A07B63EC1A767C8100A37D56 /* Debug */,
				A07B63ED1A767C8100A37D56 /* Release */,
			);
			defaultConfigurationIsVisible = 0;
			defaultConfigurationName = Release;
		};
/* End XCConfigurationList section */
	};
	rootObject = A07B63C11A767C8100A37D56 /* Project object */;
}
